
Microsoft Visual Studio Solution File, Format Version 12.00
# Visual Studio 15
VisualStudioVersion = 15.0.28307.271
MinimumVisualStudioVersion = 10.0.40219.1
Project("{8BC9CEB8-8B4A-11D0-8D11-00A0C91BC942}") = "Hello World", "Hello World\Hello World.vcxproj", "{70FD6CF8-0821-4DBF-A685-01DF355AEE6F}"
EndProject
Global
	GlobalSection(SolutionConfigurationPlatforms) = preSolution
		Debug|x64 = Debug|x64
		Debug|x86 = Debug|x86
		Release|x64 = Release|x64
		Release|x86 = Release|x86
	EndGlobalSection
	GlobalSection(ProjectConfigurationPlatforms) = postSolution
		{70FD6CF8-0821-4DBF-A685-01DF355AEE6F}.Debug|x64.ActiveCfg = Debug|x64
		{70FD6CF8-0821-4DBF-A685-01DF355AEE6F}.Debug|x64.Build.0 = Debug|x64
		{70FD6CF8-0821-4DBF-A685-01DF355AEE6F}.Debug|x86.ActiveCfg = Debug|Win32
		{70FD6CF8-0821-4DBF-A685-01DF355AEE6F}.Debug|x86.Build.0 = Debug|Win32
		{70FD6CF8-0821-4DBF-A685-01DF355AEE6F}.Release|x64.ActiveCfg = Release|x64
		{70FD6CF8-0821-4DBF-A685-01DF355AEE6F}.Release|x64.Build.0 = Release|x64
		{70FD6CF8-0821-4DBF-A685-01DF355AEE6F}.Release|x86.ActiveCfg = Release|Win32
		{70FD6CF8-0821-4DBF-A685-01DF355AEE6F}.Release|x86.Build.0 = Release|Win32
	EndGlobalSection
	GlobalSection(SolutionProperties) = preSolution
		HideSolutionNode = FALSE
	EndGlobalSection
	GlobalSection(ExtensibilityGlobals) = postSolution
		SolutionGuid = {46070880-F9B0-4940-86F7-552693CA71FE}
	EndGlobalSection
EndGlobal
